factory_version: "1.2.0"
factory_commit: "fa169dc44909358f2ebcbc8ffb773eaeafa611f0"
created: "2026-09-28"
seatbelt: true
dirty: false
files:
  - path: ".claude/README.md"
    source: "templates/project-os/.claude/README.md"
    sha256: "a1b534e5daaa1d36ebcbbeea6ec37fbb6861d2f12412b4bb53d382779c13c892"
    owner: "kit"
  - path: ".claude/agents/builder.md"
    source: "templates/project-os/.claude/agents/builder.md"
    sha256: "584ae9dfb0f9dd1bd653f1697d5cfdf63ad7ff69ea6b35a4adb8fde89ce5599b"
    owner: "kit"
  - path: ".claude/agents/verifier.md"
    source: "templates/project-os/.claude/agents/verifier.md"
    sha256: "ec579d7260a8e2a7283094c50686c48137e6743456d055baef56de0b36f2da0e"
    owner: "kit"
  - path: ".claude/hooks/PROVENANCE.md"
    source: "templates/project-os/.claude/hooks/PROVENANCE.md"
    sha256: "bd647704924591034689d4e61201829b43eb22c5edd1c4922f3a067cfe5d80fd"
    owner: "kit"
  - path: ".claude/hooks/_common.py"
    source: "templates/project-os/.claude/hooks/_common.py"
    sha256: "c2a0b081880de0949642894a3b26047f9b5e0536d070a5c315be5e17243f25cc"
    owner: "kit"
  - path: ".claude/hooks/_git_shell.py"
    source: "templates/project-os/.claude/hooks/_git_shell.py"
    sha256: "3bba5e12aed9b3b400268499edd5e2973157d661fb30f09d579fabda2759abcb"
    owner: "kit"
  - path: ".claude/hooks/agent_budget_required.py"
    source: "templates/project-os/.claude/hooks/agent_budget_required.py"
    sha256: "6ee63c53840d4b4e0da9ec951974e772e1c7cf7944ef4b1e8e509f66a8dea656"
    owner: "kit"
  - path: ".claude/hooks/agent_model_required.py"
    source: "templates/project-os/.claude/hooks/agent_model_required.py"
    sha256: "0a4bee0f5909060875c8dc12c37e02d850200a30aeb655f0330ddb642520544f"
    owner: "kit"
  - path: ".claude/hooks/evidence_claim_guard.py"
    source: "templates/project-os/.claude/hooks/evidence_claim_guard.py"
    sha256: "dfb055113b7e99277aaeb59b7257713aafc5966edc4d9ff23359010df27c2795"
    owner: "kit"
  - path: ".claude/hooks/gate.py"
    source: "templates/project-os/.claude/hooks/gate.py"
    sha256: "89eca78b5f905d6e9557852f2766ce65d955304f9e5d9adf23b9c997b773ddbc"
    owner: "kit"
  - path: ".claude/hooks/git_discard_uncommitted_guard.py"
    source: "templates/project-os/.claude/hooks/git_discard_uncommitted_guard.py"
    sha256: "1384cf7de44e245f4b5c0e420a277915eaa024b1701ca06ebdbd38da2ece9c42"
    owner: "kit"
  - path: ".claude/hooks/git_hook_bypass_guard.py"
    source: "templates/project-os/.claude/hooks/git_hook_bypass_guard.py"
    sha256: "ad7dea5f5c96e1c904bd87db00bbc0e4f8c36c1ea3c9d83f5ddc48926ec4e6d1"
    owner: "kit"
  - path: ".claude/hooks/git_stash_worktree_guard.py"
    source: "templates/project-os/.claude/hooks/git_stash_worktree_guard.py"
    sha256: "2e8f49ca6d34c8d960bc3f9112f3bc7dab677cb8de1d75ee4afdf7102e687a8a"
    owner: "kit"
  - path: ".claude/hooks/hook_presence_check.py"
    source: "templates/project-os/.claude/hooks/hook_presence_check.py"
    sha256: "c9f7fe55bddc16e65d9abb4bff21c3039227d767aaf241047178bc6e2a2e7a56"
    owner: "kit"
  - path: ".claude/hooks/kit_file_guard.py"
    source: "templates/project-os/.claude/hooks/kit_file_guard.py"
    sha256: "0e3e4af6fece1b1a4696551eb3d287c084504dc5fb7ca8b7f43f093e3a879f99"
    owner: "kit"
  - path: ".claude/hooks/recorder.py"
    source: "templates/project-os/.claude/hooks/recorder.py"
    sha256: "8e63830068828db0582d40580d0b198f907cfd52181f8968540e9ab5a5cb2cbf"
    owner: "kit"
  - path: ".claude/kit/CHANGELOG.md"
    source: "templates/project-os/.claude/kit/CHANGELOG.md"
    sha256: "f5cd6e30baede6675a11d2affb5e7e44c8469f64afe8b9467eebc4f7fe7b9f98"
    owner: "kit"
  - path: ".claude/kit/PROVENANCE-agents.md"
    source: "templates/project-os/.claude/kit/PROVENANCE-agents.md"
    sha256: "bbfafe85890b521ccf8ed2ce523b6fe96032af3588a257b01028761ceac4b917"
    owner: "kit"
  - path: ".claude/kit/PROVENANCE-rules.md"
    source: "templates/project-os/.claude/kit/PROVENANCE-rules.md"
    sha256: "ca30fb06684addbea98d600b63118ee0a9001fb86f0d9164c815bd223af09b92"
    owner: "kit"
  - path: ".claude/kit/budget.json"
    source: "templates/project-os/.claude/kit/budget.json"
    sha256: "a66488a8527e068d96a1d9076f02e4b38f57e3e99fd7a36ab0a232c058903272"
    owner: "kit"
  - path: ".claude/kit/settings.kit.json"
    source: "templates/project-os/.claude/kit/settings.kit.json"
    sha256: "53717a76b3a5cfa6e09c819a8f3d9b8c5a5a40806eda6941fee5eaa536141463"
    owner: "kit"
  - path: ".claude/project/hooks.json"
    source: "templates/project-os/.claude/project/hooks.json"
    sha256: "413afbe632d6b6e8672f25c128ff9de7937da74801d9bdd35e616f05d374ed97"
    owner: "project"
  - path: ".claude/project/optouts.json"
    source: "templates/project-os/.claude/project/optouts.json"
    sha256: "37517e5f3dc66819f61f5a7bb8ace1921282415f10551d2defa5c3eb0985b570"
    owner: "project"
  - path: ".claude/rules/kit/deployment.md"
    source: "templates/project-os/.claude/rules/kit/deployment.md"
    sha256: "03381a5892fb3c62ebeb88b5097822c0d766fdcfb0d367bb7a71bdfc396f26cc"
    owner: "kit"
  - path: ".claude/rules/kit/evidence-and-proof.md"
    source: "templates/project-os/.claude/rules/kit/evidence-and-proof.md"
    sha256: "36ea48a701f717888a6df3e5ed6fd4fc2a8ad084953d8704e541f4e976553726"
    owner: "kit"
  - path: ".claude/rules/kit/learning.md"
    source: "templates/project-os/.claude/rules/kit/learning.md"
    sha256: "03bfea19162ee75a9a026663001f68d31020c19b34248dd39f6d95f6590d78d4"
    owner: "kit"
  - path: ".claude/rules/kit/run-discipline.md"
    source: "templates/project-os/.claude/rules/kit/run-discipline.md"
    sha256: "097f4abd3b41754b82456670e67a128e1f48ed2c9d80934641e91b0701e423bf"
    owner: "kit"
  - path: ".claude/rules/kit/spec-adherence.md"
    source: "templates/project-os/.claude/rules/kit/spec-adherence.md"
    sha256: "de4ed8e7c7240539872b3f1385b72222c443da7af39f61b6ef7eaf7cf265d779"
    owner: "kit"
  - path: ".claude/rules/kit/spec-first.md"
    source: "templates/project-os/.claude/rules/kit/spec-first.md"
    sha256: "95aa504f03b2091c8ee2c0c9ca8a78b3c5959a16851463e03028a69ab6626968"
    owner: "kit"
  - path: ".claude/rules/kit/status-artifact.md"
    source: "templates/project-os/.claude/rules/kit/status-artifact.md"
    sha256: "fb6bcc19affb80369bd6f48159591d9e916031be7daf6e7e842538513b258d60"
    owner: "kit"
  - path: ".claude/rules/project/.gitkeep"
    source: "templates/project-os/.claude/rules/project/.gitkeep"
    sha256: "e3b0c44298fc1c149afbf4c8996fb92427ae41e4649b934ca495991b7852b855"
    owner: "project"
  - path: ".claude/settings.json"
    source: "templates/project-os/.claude/kit/settings.kit.json"
    sha256: "6582486b40c2a91275828b410f96d8e22faa51b384336c4d357891dddbfa2e76"
    owner: "generated"
  - path: ".claude/skills/deliver/PROVENANCE.md"
    source: "templates/project-os/.claude/skills/deliver/PROVENANCE.md"
    sha256: "958bff8a86dcafee821a4ed83b34e1f43baf4bef8aa69ddcf52df092f1420192"
    owner: "kit"
  - path: ".claude/skills/deliver/SKILL.md"
    source: "templates/project-os/.claude/skills/deliver/SKILL.md"
    sha256: "f2b881e71dc1eb8c891c41bca24da2ccfb5c949272d21aba4ed8ec814d675486"
    owner: "kit"
  - path: ".claude/skills/intake/PROVENANCE.md"
    source: "templates/project-os/.claude/skills/intake/PROVENANCE.md"
    sha256: "9207df70724245f054c5761c52c9dc96dd07b321d89af4d943e9cbbe7d27f72b"
    owner: "kit"
  - path: ".claude/skills/intake/SKILL.md"
    source: "templates/project-os/.claude/skills/intake/SKILL.md"
    sha256: "726f5b63d54b0564bdb63b9a182013bfb13d63c63f78ab342406e3d1d2126daf"
    owner: "kit"
  - path: ".factory/README.md"
    source: "templates/project-os/.factory/README.md"
    sha256: "98093f748398f543dfa9f27701da58db94bf926cc98f0ff0f95f8f04ecee0987"
    owner: "project"
  - path: ".factory/authority.yaml"
    source: "templates/project-os/.factory/authority.yaml"
    sha256: "5ca45a0e89aef592c9ded1a429d4749ae79b2919447099ac08ef5593994f6c6b"
    owner: "owner"
  - path: ".factory/authorizations/README.md"
    source: "templates/project-os/.factory/authorizations/README.md"
    sha256: "71ceb3e08b9a09be46d0664817d3eb65b3598cc6561d7840f7711a94e5f946cd"
    owner: "project"
  - path: ".factory/deploy-ledger.jsonl"
    source: "templates/project-os/.factory/deploy-ledger.jsonl"
    sha256: "e3b0c44298fc1c149afbf4c8996fb92427ae41e4649b934ca495991b7852b855"
    owner: "project"
  - path: ".github/pull_request_template.md"
    source: "templates/project-os/.github/pull_request_template.md"
    sha256: "f4ce75428e63460519d355f5bb3cd313771ceefc19e7aeefffdfd2072fb83447"
    owner: "kit"
  - path: ".github/workflows/ci.yml"
    source: "templates/project-os/.github/workflows/ci.yml"
    sha256: "05eaff42d1429b7eb294c3ec3d4fd919a9894898f1af4ed7bdf4c2b529b4d33a"
    owner: "kit"
  - path: ".gitignore"
    source: "templates/project-os/.gitignore"
    sha256: "104d5c9774333dabba4e1cbcabfc23342cda53b505ad4d95306766d42cfa8dbd"
    owner: "project"
  - path: "CLAUDE.md"
    source: "templates/project-os/CLAUDE.md.tmpl"
    sha256: "c60cdf28a34d069d34a8fc6d49e179418079cb42121facb2c6e9e44cf8de4dce"
    owner: "project"
  - path: "KIT_VERSION"
    source: "templates/project-os/KIT_VERSION"
    sha256: "1e5b51cde515396a9fa762909cf8ca6584ccc564b325d2eebeea76175fe95c4d"
    owner: "kit"
  - path: "docs/HANDOVER.md"
    source: "templates/project-os/docs/HANDOVER.md"
    sha256: "2bc7c8e6d83dc4a173bd02a018d1bcde2e15be11dcda2669931ae920c811a066"
    owner: "project"
  - path: "evidence/README.md"
    source: "templates/project-os/evidence/README.md"
    sha256: "6c3307375943445dfc0341e5f8390bdcc589c63a6244643eb00b3690ba237f1a"
    owner: "project"
  - path: "factory/schemas/capability.schema.json"
    source: "templates/project-os/factory/schemas/capability.schema.json"
    sha256: "3372cc644e2bdee96789a666c5f7af188054ce7dc7639a93836d43edac7f9b7e"
    owner: "kit"
  - path: "factory/schemas/decision.schema.json"
    source: "templates/project-os/factory/schemas/decision.schema.json"
    sha256: "b8ea7dc51a11ba5eb0ac669ba62b5825578d7cd9b841aae6b92479fab90aee5c"
    owner: "kit"
  - path: "factory/schemas/evidence.schema.json"
    source: "templates/project-os/factory/schemas/evidence.schema.json"
    sha256: "301217bb45d09ac3839de81a7500ec691232e29695e337f850012f1d47cd3a32"
    owner: "kit"
  - path: "factory/schemas/finding.schema.json"
    source: "templates/project-os/factory/schemas/finding.schema.json"
    sha256: "f07e013522a317acf4bc3de765580f5008b96d71d7bbd40f26f87fc809b76acd"
    owner: "kit"
  - path: "factory/schemas/release.schema.json"
    source: "templates/project-os/factory/schemas/release.schema.json"
    sha256: "8cc1fdbb2e79ad28cc39961b04666253f39e597fd0f1bad1b7ffe69dff26e592"
    owner: "kit"
  - path: "factory/schemas/requirement.schema.json"
    source: "templates/project-os/factory/schemas/requirement.schema.json"
    sha256: "7133fe6cc0b13f0bdf03b884fb924523c3f6016d102d6f8d26b87fc7112d92cd"
    owner: "kit"
  - path: "factory/schemas/work-item.schema.json"
    source: "templates/project-os/factory/schemas/work-item.schema.json"
    sha256: "2049c7482cfbf900a5bd90a20ee0ba7af0e528d2c8bf3b47396a8b23d83e755e"
    owner: "kit"
  - path: "knowledge/findings/README.md"
    source: "templates/project-os/knowledge/findings/README.md"
    sha256: "6d00c15b450998f492b9e21ea34a717d02ce447fa590e14cfed185eeae73e931"
    owner: "project"
  - path: "releases/README.md"
    source: "templates/project-os/releases/README.md"
    sha256: "17b16a6196aece396c36b4edc0632907e1b4fa4ab221445e233fab6c66b6c5db"
    owner: "project"
  - path: "spec/SPEC-DEVIATION.md"
    source: "templates/project-os/spec/SPEC-DEVIATION.md"
    sha256: "ff381b4c4148d3806ad25ffb7d04e9965743ef4ee19ef82024de4204a3a6df0b"
    owner: "project"
  - path: "spec/api/README.md"
    source: "templates/project-os/spec/api/README.md"
    sha256: "1330b0e92b607035a33d041c1e3f5ab9b560d61573f2fb1e0f272d9f3f83b492"
    owner: "project"
  - path: "spec/architecture/README.md"
    source: "templates/project-os/spec/architecture/README.md"
    sha256: "23f1d88395163ce212b9b613b90f7f3d607f0ddacc1b99b97248cbee586a95e2"
    owner: "project"
  - path: "spec/business-rules/README.md"
    source: "templates/project-os/spec/business-rules/README.md"
    sha256: "9276eb7dc7379293913c3af073e5d4a8efc6c3ac541bf4d524d870deb5cde136"
    owner: "project"
  - path: "spec/data/README.md"
    source: "templates/project-os/spec/data/README.md"
    sha256: "20101341527fa423bc6d2d8007cfb2d2046f0ca482bb0dda6195df51389a0371"
    owner: "project"
  - path: "spec/decisions/README.md"
    source: "templates/project-os/spec/decisions/README.md"
    sha256: "9014e0cdad0424e629142ed72f023c3fba25740b19e6816d0adfad966c55b171"
    owner: "project"
  - path: "spec/operations/README.md"
    source: "templates/project-os/spec/operations/README.md"
    sha256: "33c0c33d591abaa26415a1fc694d1b7cf67d7a642975b61c90a25e2c41aa1f0a"
    owner: "project"
  - path: "spec/requirements/README.md"
    source: "templates/project-os/spec/requirements/README.md"
    sha256: "e5944d89f814ae3028a824743c1491deb7e6feb7f53031cf525fd0c089b68096"
    owner: "project"
  - path: "spec/security/README.md"
    source: "templates/project-os/spec/security/README.md"
    sha256: "e7ac1ab1c61eaba930fe2b4c679a0447a26c1843f1efc7906d727291fbc3372f"
    owner: "project"
  - path: "spec/technical-design/README.md"
    source: "templates/project-os/spec/technical-design/README.md"
    sha256: "ecce3c74ae4c9b418d17cec7e9ef1122c9014f37f319cf0d97a7047c7dd4b1f5"
    owner: "project"
  - path: "spec/testing/README.md"
    source: "templates/project-os/spec/testing/README.md"
    sha256: "723b1a6710b2fd8285ec78a13f10f091c8fa3616afdea0aa7acc4ec3296cb645"
    owner: "project"
  - path: "spec/traceability/README.md"
    source: "templates/project-os/spec/traceability/README.md"
    sha256: "b5718c4e0913ffe36a5bbeeadcf5271c290f0b159d5d8bd8e53f179b75abdb47"
    owner: "project"
  - path: "spec/ui/README.md"
    source: "templates/project-os/spec/ui/README.md"
    sha256: "73ffd9e7c661451cd80148dcc8188d73ad92d28e2ebf8ffc06a1e7cdbcb3a179"
    owner: "project"
  - path: "spec/user-stories/README.md"
    source: "templates/project-os/spec/user-stories/README.md"
    sha256: "14887fc48d1190fb7723c6831e1737b67715b73cf038732a9cf8900b8b8e7e1d"
    owner: "project"
  - path: "spec/ux/README.md"
    source: "templates/project-os/spec/ux/README.md"
    sha256: "836abd575e13b984412e2d7e4ff725b139aad38dd9f80b4dd6d68ac04f4f608b"
    owner: "project"
  - path: "spec/vision/README.md"
    source: "templates/project-os/spec/vision/README.md"
    sha256: "b8df9aa002a5fb2a24a579bce010c5371e12ff4582e67a4889227190c9488316"
    owner: "project"
  - path: "tools/PROVENANCE.md"
    source: "templates/project-os/tools/PROVENANCE.md"
    sha256: "c5548739c18d385f2c5dd6c0ce4806ddecfaa0c1c7e7b2d21a0fa98a7bb5c4dd"
    owner: "kit"
  - path: "tools/build_findings_index.py"
    source: "templates/project-os/tools/build_findings_index.py"
    sha256: "f078ea7989691f2d0ba3ced02b094731d94aa6d595bcd2f81e02d69a81ce0fc9"
    owner: "kit"
  - path: "tools/check_pr_spec_block.py"
    source: "templates/project-os/tools/check_pr_spec_block.py"
    sha256: "6c5ecef79141802094fa85ea738eeb037bf6aea7fe471ebd7a7b599f9ee13973"
    owner: "kit"
  - path: "tools/check_spec_refs.py"
    source: "templates/project-os/tools/check_spec_refs.py"
    sha256: "14a4592dd4fcd92b6e035f5d1f18c0ba1866e61a5ef09282731155e37db9eb33"
    owner: "kit"
  - path: "tools/factory_lint.py"
    source: "templates/project-os/tools/factory_lint.py"
    sha256: "016a03d661414ed587023b8bdd1d37304fe95f2f7185f772d01d40180adcc2ec"
    owner: "kit"
  - path: "tools/kit_drift.py"
    source: "templates/project-os/tools/kit_drift.py"
    sha256: "dfad6f6e7389a779e502886b5fd0481f92c530d3e270a66e01cdcd045e55e151"
    owner: "kit"
  - path: "tools/kit_selftest.py"
    source: "templates/project-os/tools/kit_selftest.py"
    sha256: "f97dec7846ff207e2d87e10e869b3029ca7470910cfc422cafed382b3e070376"
    owner: "kit"
  - path: "tools/kit_settings.py"
    source: "templates/project-os/tools/kit_settings.py"
    sha256: "2a33abcb201cddbc70b981ec7a6a656a3bab5700ba9b82313ffb631b28724b25"
    owner: "kit"
  - path: "tools/kithash.py"
    source: "templates/project-os/tools/kithash.py"
    sha256: "9897059e8ed6133393f4bdf7fe4dca1bc9795f25a90fe450b833a4d3c63ccb4c"
    owner: "kit"
  - path: "tools/merge_when_green.py"
    source: "templates/project-os/tools/merge_when_green.py"
    sha256: "f9ebefce2e381903e2a2819c25a473fee806a03ebd5589e163cf9f7d9f0fe5a5"
    owner: "kit"
  - path: "tools/pathsafe.py"
    source: "templates/project-os/tools/pathsafe.py"
    sha256: "1aecb7d961f51a99bd2e2c98bba453f6c244bb9e4e62b6d44d1b0dac93ae7a87"
    owner: "kit"
  - path: "tools/trace_check.py"
    source: "templates/project-os/tools/trace_check.py"
    sha256: "48b1474e3ad26395a2b408df55c2b0c52e1dae30478751f444e9b1d233e46e86"
    owner: "kit"
  - path: "views/README.md"
    source: "templates/project-os/views/README.md"
    sha256: "d5c7774cb4177d9d589dfd442af41842b0dd353c326c3528a54b453d79f15084"
    owner: "project"
  - path: "work/README.md"
    source: "templates/project-os/work/README.md"
    sha256: "60419e9646a69d4e2e13045192778bf1467540099c909a7f91fbc425416fe864"
    owner: "project"
