factory_version: "1.6.0"
factory_commit: "39b7f5aa4287846c17e2902ed0e0e91eb16fcdf5"
created: "2026-09-28"
seatbelt: true
dirty: false
upgrade:
  from_version: "1.5.1"
  to_version: "1.6.0"
  from_commit: "2e7a37bd2f56b43b3975cfeef9a824f2ba96b953"
  date: "2026-10-02"
files:
  - path: ".claude/README.md"
    source: "templates/project-os/.claude/README.md"
    sha256: "a1b534e5daaa1d36ebcbbeea6ec37fbb6861d2f12412b4bb53d382779c13c892"
    owner: "kit"
  - path: ".claude/agents/builder.md"
    source: "templates/project-os/.claude/agents/builder.md"
    sha256: "584ae9dfb0f9dd1bd653f1697d5cfdf63ad7ff69ea6b35a4adb8fde89ce5599b"
    owner: "kit"
  - path: ".claude/agents/verifier.md"
    source: "templates/project-os/.claude/agents/verifier.md"
    sha256: "26f03833f12fbd539770ba041ffe208ebb993a7e0720248c8ebb3c155be0f553"
    owner: "kit"
  - path: ".claude/hooks/PROVENANCE.md"
    source: "templates/project-os/.claude/hooks/PROVENANCE.md"
    sha256: "88a39e558a62e9fb32950fb668419b5bbce7e92eba6bcd9a5204795f0c98daf5"
    owner: "kit"
  - path: ".claude/hooks/_common.py"
    source: "templates/project-os/.claude/hooks/_common.py"
    sha256: "c2a0b081880de0949642894a3b26047f9b5e0536d070a5c315be5e17243f25cc"
    owner: "kit"
  - path: ".claude/hooks/_git_shell.py"
    source: "templates/project-os/.claude/hooks/_git_shell.py"
    sha256: "3bba5e12aed9b3b400268499edd5e2973157d661fb30f09d579fabda2759abcb"
    owner: "kit"
  - path: ".claude/hooks/agent_budget_required.py"
    source: "templates/project-os/.claude/hooks/agent_budget_required.py"
    sha256: "6ee63c53840d4b4e0da9ec951974e772e1c7cf7944ef4b1e8e509f66a8dea656"
    owner: "kit"
  - path: ".claude/hooks/agent_model_required.py"
    source: "templates/project-os/.claude/hooks/agent_model_required.py"
    sha256: "0a4bee0f5909060875c8dc12c37e02d850200a30aeb655f0330ddb642520544f"
    owner: "kit"
  - path: ".claude/hooks/answer_writeback_guard.py"
    source: "templates/project-os/.claude/hooks/answer_writeback_guard.py"
    sha256: "853080d94788d213ddca12d4238aded45704ade2a5db4cde5c84331eefb88409"
    owner: "kit"
  - path: ".claude/hooks/evidence_claim_guard.py"
    source: "templates/project-os/.claude/hooks/evidence_claim_guard.py"
    sha256: "dfb055113b7e99277aaeb59b7257713aafc5966edc4d9ff23359010df27c2795"
    owner: "kit"
  - path: ".claude/hooks/gate.py"
    source: "templates/project-os/.claude/hooks/gate.py"
    sha256: "89eca78b5f905d6e9557852f2766ce65d955304f9e5d9adf23b9c997b773ddbc"
    owner: "kit"
  - path: ".claude/hooks/git_discard_uncommitted_guard.py"
    source: "templates/project-os/.claude/hooks/git_discard_uncommitted_guard.py"
    sha256: "1384cf7de44e245f4b5c0e420a277915eaa024b1701ca06ebdbd38da2ece9c42"
    owner: "kit"
  - path: ".claude/hooks/git_hook_bypass_guard.py"
    source: "templates/project-os/.claude/hooks/git_hook_bypass_guard.py"
    sha256: "ad7dea5f5c96e1c904bd87db00bbc0e4f8c36c1ea3c9d83f5ddc48926ec4e6d1"
    owner: "kit"
  - path: ".claude/hooks/git_stash_worktree_guard.py"
    source: "templates/project-os/.claude/hooks/git_stash_worktree_guard.py"
    sha256: "2e8f49ca6d34c8d960bc3f9112f3bc7dab677cb8de1d75ee4afdf7102e687a8a"
    owner: "kit"
  - path: ".claude/hooks/hook_presence_check.py"
    source: "templates/project-os/.claude/hooks/hook_presence_check.py"
    sha256: "c9f7fe55bddc16e65d9abb4bff21c3039227d767aaf241047178bc6e2a2e7a56"
    owner: "kit"
  - path: ".claude/hooks/kit_file_guard.py"
    source: "templates/project-os/.claude/hooks/kit_file_guard.py"
    sha256: "0e3e4af6fece1b1a4696551eb3d287c084504dc5fb7ca8b7f43f093e3a879f99"
    owner: "kit"
  - path: ".claude/hooks/recorder.py"
    source: "templates/project-os/.claude/hooks/recorder.py"
    sha256: "8e63830068828db0582d40580d0b198f907cfd52181f8968540e9ab5a5cb2cbf"
    owner: "kit"
  - path: ".claude/hooks/spec_basis_gate.py"
    source: "templates/project-os/.claude/hooks/spec_basis_gate.py"
    sha256: "41c03f672708adf9ddc574d92b730cb215d8475e844fdcd5c4a5ceb72ef0012b"
    owner: "kit"
  - path: ".claude/hooks/verifier_write_guard.py"
    source: "templates/project-os/.claude/hooks/verifier_write_guard.py"
    sha256: "eff84633c800b58ae072b351674b350dc3d514ca4c68bb22badf4ce13aa4f20e"
    owner: "kit"
  - path: ".claude/kit/CHANGELOG.md"
    source: "templates/project-os/.claude/kit/CHANGELOG.md"
    sha256: "6fd3f6dfc2a9bf5554ac4dd0d7eb63a7d69967bbce5f08533847e7f6cfa93e4b"
    owner: "kit"
  - path: ".claude/kit/GUIDE.md"
    source: "templates/project-os/.claude/kit/GUIDE.md"
    sha256: "f8b97dce36f7e0f2b93cb36d152ebdb8c74a7e871919706c58b8f9abc4e66f9d"
    owner: "kit"
  - path: ".claude/kit/PROVENANCE-agents.md"
    source: "templates/project-os/.claude/kit/PROVENANCE-agents.md"
    sha256: "913282b6740e63902c9432060f8d1ab952bcd13df37df6218c786c98087c0218"
    owner: "kit"
  - path: ".claude/kit/PROVENANCE-rules.md"
    source: "templates/project-os/.claude/kit/PROVENANCE-rules.md"
    sha256: "ca30fb06684addbea98d600b63118ee0a9001fb86f0d9164c815bd223af09b92"
    owner: "kit"
  - path: ".claude/kit/budget.json"
    source: "templates/project-os/.claude/kit/budget.json"
    sha256: "c99e798b5e17351c4ff9828ecb3c762a9071c23e7666eaca5d71778be27502f2"
    owner: "kit"
  - path: ".claude/kit/settings.kit.json"
    source: "templates/project-os/.claude/kit/settings.kit.json"
    sha256: "c58391c61e569b860903273891345e37854beaec6a418256da45533f6310cc80"
    owner: "kit"
  - path: ".claude/project/hooks.json"
    source: "templates/project-os/.claude/project/hooks.json"
    sha256: "413afbe632d6b6e8672f25c128ff9de7937da74801d9bdd35e616f05d374ed97"
    owner: "project"
  - path: ".claude/project/optouts.json"
    source: "templates/project-os/.claude/project/optouts.json"
    sha256: "37517e5f3dc66819f61f5a7bb8ace1921282415f10551d2defa5c3eb0985b570"
    owner: "project"
  - path: ".claude/rules/kit/deployment.md"
    source: "templates/project-os/.claude/rules/kit/deployment.md"
    sha256: "03381a5892fb3c62ebeb88b5097822c0d766fdcfb0d367bb7a71bdfc396f26cc"
    owner: "kit"
  - path: ".claude/rules/kit/evidence-and-proof.md"
    source: "templates/project-os/.claude/rules/kit/evidence-and-proof.md"
    sha256: "332b88a14de1b7cd4128661e52ebc9151da070c3ab72ff432f4cf64c6080795e"
    owner: "kit"
  - path: ".claude/rules/kit/learning.md"
    source: "templates/project-os/.claude/rules/kit/learning.md"
    sha256: "6fb56e7555dc01183251f5f6d488da71f311f091ee56f989ca93044e90d87e26"
    owner: "kit"
  - path: ".claude/rules/kit/run-discipline.md"
    source: "templates/project-os/.claude/rules/kit/run-discipline.md"
    sha256: "097f4abd3b41754b82456670e67a128e1f48ed2c9d80934641e91b0701e423bf"
    owner: "kit"
  - path: ".claude/rules/kit/spec-adherence.md"
    source: "templates/project-os/.claude/rules/kit/spec-adherence.md"
    sha256: "3a97f223bf476b11a378232b9c9309fc19879a1ed7d0beb0265629882a5883e0"
    owner: "kit"
  - path: ".claude/rules/kit/spec-first.md"
    source: "templates/project-os/.claude/rules/kit/spec-first.md"
    sha256: "9b88ce97d96bc7c496f13c2270af6b1bea4d9009a32a76a1ffb614353eae7f87"
    owner: "kit"
  - path: ".claude/rules/kit/status-artifact.md"
    source: "templates/project-os/.claude/rules/kit/status-artifact.md"
    sha256: "fb6bcc19affb80369bd6f48159591d9e916031be7daf6e7e842538513b258d60"
    owner: "kit"
  - path: ".claude/rules/project/.gitkeep"
    source: "templates/project-os/.claude/rules/project/.gitkeep"
    sha256: "e3b0c44298fc1c149afbf4c8996fb92427ae41e4649b934ca495991b7852b855"
    owner: "project"
  - path: ".claude/settings.json"
    source: ".claude/kit/settings.kit.json"
    sha256: "24ef582f564ac53f743f81ee2e0665af299f640bd44788ca858e1f105dfc10c8"
    owner: "generated"
  - path: ".claude/skills/deliver/PROVENANCE.md"
    source: "templates/project-os/.claude/skills/deliver/PROVENANCE.md"
    sha256: "958bff8a86dcafee821a4ed83b34e1f43baf4bef8aa69ddcf52df092f1420192"
    owner: "kit"
  - path: ".claude/skills/deliver/SKILL.md"
    source: "templates/project-os/.claude/skills/deliver/SKILL.md"
    sha256: "757537333edc9921ab6070d00575287ff39a571817449ba8ee1030a430ed49bb"
    owner: "kit"
  - path: ".claude/skills/intake/PROVENANCE.md"
    source: "templates/project-os/.claude/skills/intake/PROVENANCE.md"
    sha256: "9207df70724245f054c5761c52c9dc96dd07b321d89af4d943e9cbbe7d27f72b"
    owner: "kit"
  - path: ".claude/skills/intake/SKILL.md"
    source: "templates/project-os/.claude/skills/intake/SKILL.md"
    sha256: "d183f5fbec066ebe0ef377bc2dfcc0d03cfbabe982222a3e02e2c5cbd22f3e7d"
    owner: "kit"
  - path: ".factory/README.md"
    source: "templates/project-os/.factory/README.md"
    sha256: "98093f748398f543dfa9f27701da58db94bf926cc98f0ff0f95f8f04ecee0987"
    owner: "project"
  - path: ".factory/authorizations/README.md"
    source: "templates/project-os/.factory/authorizations/README.md"
    sha256: "71ceb3e08b9a09be46d0664817d3eb65b3598cc6561d7840f7711a94e5f946cd"
    owner: "project"
  - path: ".factory/deploy-ledger.jsonl"
    source: "templates/project-os/.factory/deploy-ledger.jsonl"
    sha256: "e3b0c44298fc1c149afbf4c8996fb92427ae41e4649b934ca495991b7852b855"
    owner: "project"
  - path: ".github/pull_request_template.md"
    source: "templates/project-os/.github/pull_request_template.md"
    sha256: "f4ce75428e63460519d355f5bb3cd313771ceefc19e7aeefffdfd2072fb83447"
    owner: "kit"
  - path: ".github/workflows/ci.yml"
    source: "templates/project-os/.github/workflows/ci.yml"
    sha256: "297dc3b1768740b51093d098e316f9b06039f2d2e647fe5ab96a0045b74c8c30"
    owner: "kit"
  - path: ".gitignore"
    source: "templates/project-os/.gitignore"
    sha256: "104d5c9774333dabba4e1cbcabfc23342cda53b505ad4d95306766d42cfa8dbd"
    owner: "project"
  - path: "CLAUDE.md"
    source: "templates/project-os/CLAUDE.md.tmpl"
    sha256: "c60cdf28a34d069d34a8fc6d49e179418079cb42121facb2c6e9e44cf8de4dce"
    owner: "project"
  - path: "KIT_VERSION"
    source: "templates/project-os/KIT_VERSION"
    sha256: "cb1d9a30bc4ab8a397f39b7d786bb82aca0b816077eefc35d7c822017d75f6a5"
    owner: "kit"
  - path: "docs/HANDOVER.md"
    source: "templates/project-os/docs/HANDOVER.md"
    sha256: "2bc7c8e6d83dc4a173bd02a018d1bcde2e15be11dcda2669931ae920c811a066"
    owner: "project"
  - path: "evidence/README.md"
    source: "templates/project-os/evidence/README.md"
    sha256: "6c3307375943445dfc0341e5f8390bdcc589c63a6244643eb00b3690ba237f1a"
    owner: "project"
  - path: "factory/schemas/capability.schema.json"
    source: "templates/project-os/factory/schemas/capability.schema.json"
    sha256: "3372cc644e2bdee96789a666c5f7af188054ce7dc7639a93836d43edac7f9b7e"
    owner: "kit"
  - path: "factory/schemas/decision.schema.json"
    source: "templates/project-os/factory/schemas/decision.schema.json"
    sha256: "96651a5a6e8628931cec7415b8b7a733d162efdc2fe22fcd4a68eccff7d4f99c"
    owner: "kit"
  - path: "factory/schemas/evidence.schema.json"
    source: "templates/project-os/factory/schemas/evidence.schema.json"
    sha256: "5a82e40e4078929cf26d66c9225654b505623207ed662921db8beb5fdbdc23e3"
    owner: "kit"
  - path: "factory/schemas/finding.schema.json"
    source: "templates/project-os/factory/schemas/finding.schema.json"
    sha256: "43437c8e8634db21156deb4a7356d7e9e65ac32041f5cf5dd8408f1ad9466929"
    owner: "kit"
  - path: "factory/schemas/owner-question.schema.json"
    source: "templates/project-os/factory/schemas/owner-question.schema.json"
    sha256: "aeec93458f21ba47875bf1fbf9d70f938fc7044a69b9847daa6f3fc689636895"
    owner: "kit"
  - path: "factory/schemas/release.schema.json"
    source: "templates/project-os/factory/schemas/release.schema.json"
    sha256: "151a16ccd2999014542381ebdcb82dfdd5405331d92e3fca2cb1488b7432e66f"
    owner: "kit"
  - path: "factory/schemas/requirement.schema.json"
    source: "templates/project-os/factory/schemas/requirement.schema.json"
    sha256: "f5894aaafeece0f75c7596f5f064b2e8b31d9b8af67a95399edd3c4ff3ff23a6"
    owner: "kit"
  - path: "factory/schemas/work-item.schema.json"
    source: "templates/project-os/factory/schemas/work-item.schema.json"
    sha256: "2049c7482cfbf900a5bd90a20ee0ba7af0e528d2c8bf3b47396a8b23d83e755e"
    owner: "kit"
  - path: "knowledge/findings/README.md"
    source: "templates/project-os/knowledge/findings/README.md"
    sha256: "6d00c15b450998f492b9e21ea34a717d02ce447fa590e14cfed185eeae73e931"
    owner: "project"
  - path: "releases/README.md"
    source: "templates/project-os/releases/README.md"
    sha256: "17b16a6196aece396c36b4edc0632907e1b4fa4ab221445e233fab6c66b6c5db"
    owner: "project"
  - path: "spec/SPEC-DEVIATION.md"
    source: "templates/project-os/spec/SPEC-DEVIATION.md"
    sha256: "ff381b4c4148d3806ad25ffb7d04e9965743ef4ee19ef82024de4204a3a6df0b"
    owner: "project"
  - path: "spec/api/README.md"
    source: "templates/project-os/spec/api/README.md"
    sha256: "1330b0e92b607035a33d041c1e3f5ab9b560d61573f2fb1e0f272d9f3f83b492"
    owner: "project"
  - path: "spec/architecture/README.md"
    source: "templates/project-os/spec/architecture/README.md"
    sha256: "23f1d88395163ce212b9b613b90f7f3d607f0ddacc1b99b97248cbee586a95e2"
    owner: "project"
  - path: "spec/business-rules/README.md"
    source: "templates/project-os/spec/business-rules/README.md"
    sha256: "9276eb7dc7379293913c3af073e5d4a8efc6c3ac541bf4d524d870deb5cde136"
    owner: "project"
  - path: "spec/data/README.md"
    source: "templates/project-os/spec/data/README.md"
    sha256: "20101341527fa423bc6d2d8007cfb2d2046f0ca482bb0dda6195df51389a0371"
    owner: "project"
  - path: "spec/decisions/README.md"
    source: "templates/project-os/spec/decisions/README.md"
    sha256: "9014e0cdad0424e629142ed72f023c3fba25740b19e6816d0adfad966c55b171"
    owner: "project"
  - path: "spec/operations/README.md"
    source: "templates/project-os/spec/operations/README.md"
    sha256: "33c0c33d591abaa26415a1fc694d1b7cf67d7a642975b61c90a25e2c41aa1f0a"
    owner: "project"
  - path: "spec/requirements/INDEX.md"
    source: "tools/build_spec_index.py"
    sha256: "aec27f5a2732eecee2b3ed4baf68921206d88460f330c2c89249b288fe2e3fec"
    owner: "generated"
  - path: "spec/requirements/README.md"
    source: "templates/project-os/spec/requirements/README.md"
    sha256: "e5944d89f814ae3028a824743c1491deb7e6feb7f53031cf525fd0c089b68096"
    owner: "project"
  - path: "spec/security/README.md"
    source: "templates/project-os/spec/security/README.md"
    sha256: "e7ac1ab1c61eaba930fe2b4c679a0447a26c1843f1efc7906d727291fbc3372f"
    owner: "project"
  - path: "spec/technical-design/README.md"
    source: "templates/project-os/spec/technical-design/README.md"
    sha256: "ecce3c74ae4c9b418d17cec7e9ef1122c9014f37f319cf0d97a7047c7dd4b1f5"
    owner: "project"
  - path: "spec/testing/README.md"
    source: "templates/project-os/spec/testing/README.md"
    sha256: "723b1a6710b2fd8285ec78a13f10f091c8fa3616afdea0aa7acc4ec3296cb645"
    owner: "project"
  - path: "spec/traceability/README.md"
    source: "templates/project-os/spec/traceability/README.md"
    sha256: "b5718c4e0913ffe36a5bbeeadcf5271c290f0b159d5d8bd8e53f179b75abdb47"
    owner: "project"
  - path: "spec/ui/README.md"
    source: "templates/project-os/spec/ui/README.md"
    sha256: "73ffd9e7c661451cd80148dcc8188d73ad92d28e2ebf8ffc06a1e7cdbcb3a179"
    owner: "project"
  - path: "spec/user-stories/README.md"
    source: "templates/project-os/spec/user-stories/README.md"
    sha256: "14887fc48d1190fb7723c6831e1737b67715b73cf038732a9cf8900b8b8e7e1d"
    owner: "project"
  - path: "spec/ux/README.md"
    source: "templates/project-os/spec/ux/README.md"
    sha256: "836abd575e13b984412e2d7e4ff725b139aad38dd9f80b4dd6d68ac04f4f608b"
    owner: "project"
  - path: "spec/vision/README.md"
    source: "templates/project-os/spec/vision/README.md"
    sha256: "b8df9aa002a5fb2a24a579bce010c5371e12ff4582e67a4889227190c9488316"
    owner: "project"
  - path: "tools/PROVENANCE.md"
    source: "templates/project-os/tools/PROVENANCE.md"
    sha256: "5d1004c928a25a03bc185b73a18083b9275321d40ffd0dfd503291eed87c4037"
    owner: "kit"
  - path: "tools/ac_fp.py"
    source: "templates/project-os/tools/ac_fp.py"
    sha256: "4a7be5ae1bb1b1f43a6777fc3c4487e2615a3bb16cadb222776a8de079b8c66f"
    owner: "kit"
  - path: "tools/build_findings_index.py"
    source: "templates/project-os/tools/build_findings_index.py"
    sha256: "f078ea7989691f2d0ba3ced02b094731d94aa6d595bcd2f81e02d69a81ce0fc9"
    owner: "kit"
  - path: "tools/build_order.py"
    source: "templates/project-os/tools/build_order.py"
    sha256: "0b9e7c64ab35861fb7d42f3b1b32d65822f4508a62d9c8a09157d1ca43ee3160"
    owner: "kit"
  - path: "tools/build_spec_digest.py"
    source: "templates/project-os/tools/build_spec_digest.py"
    sha256: "712e318e26a5779e022ec3431efeff19999c353ee9b4bdcd882c33552edd854d"
    owner: "kit"
  - path: "tools/build_spec_index.py"
    source: "templates/project-os/tools/build_spec_index.py"
    sha256: "4c72f2f9a11ffb0230eb871ab9ad4f179fa8137803561709f3b402cf55037822"
    owner: "kit"
  - path: "tools/build_status_page.py"
    source: "templates/project-os/tools/build_status_page.py"
    sha256: "01e594b22a6359e23a6e5758d884322196d227cc926061c4d49833e0519b4953"
    owner: "kit"
  - path: "tools/check_pr_spec_block.py"
    source: "templates/project-os/tools/check_pr_spec_block.py"
    sha256: "6c5ecef79141802094fa85ea738eeb037bf6aea7fe471ebd7a7b599f9ee13973"
    owner: "kit"
  - path: "tools/check_spec_refs.py"
    source: "templates/project-os/tools/check_spec_refs.py"
    sha256: "14a4592dd4fcd92b6e035f5d1f18c0ba1866e61a5ef09282731155e37db9eb33"
    owner: "kit"
  - path: "tools/ci_local.py"
    source: "templates/project-os/tools/ci_local.py"
    sha256: "d882c537c4518b21ce532fe9327045845fe2faac6caa538745c979ba03aa7d77"
    owner: "kit"
  - path: "tools/factory_lint.py"
    source: "templates/project-os/tools/factory_lint.py"
    sha256: "0cce2aa5973612e8f047c5f3a0a81194fc05543d50ddcc57071081aef22da5b1"
    owner: "kit"
  - path: "tools/kit_drift.py"
    source: "templates/project-os/tools/kit_drift.py"
    sha256: "5654bed01a88d1b6237ca5d6d542aaaefa8d6468287d2758862f5f09f949ba87"
    owner: "kit"
  - path: "tools/kit_selftest.py"
    source: "templates/project-os/tools/kit_selftest.py"
    sha256: "6832f2b7db5d76a4e73a57be483b3dcf6f893ef9dd4970ae89df9671b8ff7a8a"
    owner: "kit"
  - path: "tools/kit_settings.py"
    source: "templates/project-os/tools/kit_settings.py"
    sha256: "ce10f28f99639ddba1316b4485767d92fce5244322cdb2fb57e94d5ee3a24c03"
    owner: "kit"
  - path: "tools/kithash.py"
    source: "templates/project-os/tools/kithash.py"
    sha256: "9897059e8ed6133393f4bdf7fe4dca1bc9795f25a90fe450b833a4d3c63ccb4c"
    owner: "kit"
  - path: "tools/merge_when_green.py"
    source: "templates/project-os/tools/merge_when_green.py"
    sha256: "f9ebefce2e381903e2a2819c25a473fee806a03ebd5589e163cf9f7d9f0fe5a5"
    owner: "kit"
  - path: "tools/pathsafe.py"
    source: "templates/project-os/tools/pathsafe.py"
    sha256: "1aecb7d961f51a99bd2e2c98bba453f6c244bb9e4e62b6d44d1b0dac93ae7a87"
    owner: "kit"
  - path: "tools/run_smoke.py"
    source: "templates/project-os/tools/run_smoke.py"
    sha256: "af5d1d41194e7fdcca73149df18876890808bd50268e93faeeea27e9d079d5cc"
    owner: "kit"
  - path: "tools/spec_dupes.py"
    source: "templates/project-os/tools/spec_dupes.py"
    sha256: "17ead09c1677c6388eb1e91962ac1de0677583fb6f4ccf8d37c533386f803b32"
    owner: "kit"
  - path: "tools/spec_similar.py"
    source: "templates/project-os/tools/spec_similar.py"
    sha256: "cf2d23fa2fbe90285731d8e4e730e0f7eeef5b1ad2b4a9a63bb85cbbf81bd06d"
    owner: "kit"
  - path: "tools/spec_text.py"
    source: "templates/project-os/tools/spec_text.py"
    sha256: "714d236b3328bb7883d74aab3e52b026e3d92470a61ba75ee9a8c98889ba3b2f"
    owner: "kit"
  - path: "tools/trace_check.py"
    source: "templates/project-os/tools/trace_check.py"
    sha256: "4bd03cc53cd8d157fbe1f9c2ad1f2f37bcf45372231f2994f1ab05910a160064"
    owner: "kit"
  - path: "views/README.md"
    source: "templates/project-os/views/README.md"
    sha256: "d5c7774cb4177d9d589dfd442af41842b0dd353c326c3528a54b453d79f15084"
    owner: "project"
  - path: "views/build-order.md"
    source: "tools/build_order.py"
    sha256: "b16c438bc882b38f5305d95975903344d619a5ebdca2080d105348cc645d10be"
    owner: "generated"
  - path: "views/spec-digest.md"
    source: "tools/build_spec_digest.py"
    sha256: "ec045f182f896f51421d042f7c2d609fc50b2bfb8d6ca58d5210a4ae113b2e98"
    owner: "generated"
  - path: "work/README.md"
    source: "templates/project-os/work/README.md"
    sha256: "60419e9646a69d4e2e13045192778bf1467540099c909a7f91fbc425416fe864"
    owner: "project"
